
Microsoft Visual Studio Solution File, Format Version 12.00
# Visual Studio Version 16
VisualStudioVersion = 16.0.31613.86
MinimumVisualStudioVersion = 10.0.40219.1
Project("{FAE04EC0-301F-11D3-BF4B-00C04F79EFBC}") = "pruebaHaroldITM.Common", "pruebaHaroldITM.Common\pruebaHaroldITM.Common.csproj", "{ADBD56D6-CC68-4482-952F-E329190AD904}"
EndProject
Project("{FAE04EC0-301F-11D3-BF4B-00C04F79EFBC}") = "pruebaHaroldITM.Functions", "pruebaHaroldITM.Functions\pruebaHaroldITM.Functions.csproj", "{C87054F2-9A09-4A17-BA08-DA44449CFF93}"
EndProject
Project("{FAE04EC0-301F-11D3-BF4B-00C04F79EFBC}") = "pruebaHaroldITM.Test", "pruebaHaroldITM.Test\pruebaHaroldITM.Test.csproj", "{905DB0D1-96FA-4CB2-BAAA-58F1AA36AE23}"
EndProject
Global
	GlobalSection(SolutionConfigurationPlatforms) = preSolution
		Debug|Any CPU = Debug|Any CPU
		Release|Any CPU = Release|Any CPU
	EndGlobalSection
	GlobalSection(ProjectConfigurationPlatforms) = postSolution
		{ADBD56D6-CC68-4482-952F-E329190AD904}.Debug|Any CPU.ActiveCfg = Debug|Any CPU
		{ADBD56D6-CC68-4482-952F-E329190AD904}.Debug|Any CPU.Build.0 = Debug|Any CPU
		{ADBD56D6-CC68-4482-952F-E329190AD904}.Release|Any CPU.ActiveCfg = Release|Any CPU
		{ADBD56D6-CC68-4482-952F-E329190AD904}.Release|Any CPU.Build.0 = Release|Any CPU
		{C87054F2-9A09-4A17-BA08-DA44449CFF93}.Debug|Any CPU.ActiveCfg = Debug|Any CPU
		{C87054F2-9A09-4A17-BA08-DA44449CFF93}.Debug|Any CPU.Build.0 = Debug|Any CPU
		{C87054F2-9A09-4A17-BA08-DA44449CFF93}.Release|Any CPU.ActiveCfg = Release|Any CPU
		{C87054F2-9A09-4A17-BA08-DA44449CFF93}.Release|Any CPU.Build.0 = Release|Any CPU
		{905DB0D1-96FA-4CB2-BAAA-58F1AA36AE23}.Debug|Any CPU.ActiveCfg = Debug|Any CPU
		{905DB0D1-96FA-4CB2-BAAA-58F1AA36AE23}.Debug|Any CPU.Build.0 = Debug|Any CPU
		{905DB0D1-96FA-4CB2-BAAA-58F1AA36AE23}.Release|Any CPU.ActiveCfg = Release|Any CPU
		{905DB0D1-96FA-4CB2-BAAA-58F1AA36AE23}.Release|Any CPU.Build.0 = Release|Any CPU
	EndGlobalSection
	GlobalSection(SolutionProperties) = preSolution
		HideSolutionNode = FALSE
	EndGlobalSection
	GlobalSection(ExtensibilityGlobals) = postSolution
		SolutionGuid = {4D9B5C1F-3492-443C-B172-15D39CD5420D}
	EndGlobalSection
EndGlobal
